{
  "name": "privacyidea",
  "lockfileVersion": 3,
  "requires": true,
  "packages": {
    "": {
      "dependencies": {
        "ng": "^0.0.0"
      }
    },
    "node_modules/ng": {
      "version": "0.0.0",
      "resolved": "https://registry.npmjs.org/ng/-/ng-0.0.0.tgz",
      "integrity": "sha512-HwR40IBJa1ZU+CIGyuy7vSCN3xFYlSRfw5eIwwKOdOMNNNIl8KhT6PXKmHuFEFYpfrbOMaCYtr4QOJ3gkkubcg=="
    }
  }
}
