{
  "name": "privacyidea",
  "version": "1.0.0",
  "lockfileVersion": 1,
  "requires": true,
  "dependencies": {
    "@uirouter/core": {
      "version": "6.0.4",
      "resolved": "https://registry.npmjs.org/@uirouter/core/-/core-6.0.4.tgz",
      "integrity": "sha512-TQ9XOzZY+jmWKkU4993MAEBIy7Bs3kijDzj+A6RHR8gq/3UoQm3Q/l1igfao5GZyBjid7eRVeipPK14ovCYQ3g=="
    },
    "angular": {
      "version": "1.7.9",
      "resolved": "https://registry.npmjs.org/angular/-/angular-1.7.9.tgz",
      "integrity": "sha512-5se7ZpcOtu0MBFlzGv5dsM1quQDoDeUTwZrWjGtTNA7O88cD8TEk5IEKCTDa3uECV9XnvKREVUr7du1ACiWGFQ=="
    },
    "angular-gettext": {
      "version": "2.4.1",
      "resolved": "https://registry.npmjs.org/angular-gettext/-/angular-gettext-2.4.1.tgz",
      "integrity": "sha512-+Ba6mY5hPdka68rxLuXk7HCDFeiS6EIHFTKgTT0tTVtgap6gNdJzmydb8Niqs5aylf8U3B7+m1ETzppE/qtgKw=="
    },
    "angular-hotkeys": {
      "version": "1.7.0",
      "resolved": "https://registry.npmjs.org/angular-hotkeys/-/angular-hotkeys-1.7.0.tgz",
      "integrity": "sha1-BS5rb0TfzYJEJ3mLfxDhkX6HAKE="
    },
    "angular-inform": {
      "version": "0.0.19",
      "resolved": "https://registry.npmjs.org/angular-inform/-/angular-inform-0.0.19.tgz",
      "integrity": "sha1-A++0zz84IJiogIgcnNe7DS3qw+E="
    },
    "angular-route": {
      "version": "1.7.9",
      "resolved": "https://registry.npmjs.org/angular-route/-/angular-route-1.7.9.tgz",
      "integrity": "sha512-vRoj5hzdQtWbODhWJqDzD1iNOEfCKshO6GFBuPVV7RHlPjzIc4R2dHCc7Qiv/8F3LDxJDohc6vSnTDMLHuaqeA=="
    },
    "angular-ui-bootstrap": {
      "version": "2.5.6",
      "resolved": "https://registry.npmjs.org/angular-ui-bootstrap/-/angular-ui-bootstrap-2.5.6.tgz",
      "integrity": "sha512-yzcHpPMLQl0232nDzm5P4iAFTFQ9dMw0QgFLuKYbDj9M0xJ62z0oudYD/Lvh1pWfRsukiytP4Xj6BHOSrSXP8A=="
    },
    "angular-ui-router": {
      "version": "1.0.25",
      "resolved": "https://registry.npmjs.org/angular-ui-router/-/angular-ui-router-1.0.25.tgz",
      "integrity": "sha512-NCjwfGWQiqBx22OyAm6hsAWvlo431uUlY2ccg9kXkvb3zCLQGSJ6pGo1AGLtRAKdZvrEHiIExhawyrVPkYp0VA==",
      "requires": {
        "@uirouter/core": "6.0.4"
      }
    },
    "bootstrap": {
      "version": "3.4.1",
      "resolved": "https://registry.npmjs.org/bootstrap/-/bootstrap-3.4.1.tgz",
      "integrity": "sha512-yN5oZVmRCwe5aKwzRj6736nSmKDX7pLYwsXiCj/EYmo16hODaBiT4En5btW/jhBF/seV+XMx3aYwukYC3A49DA=="
    },
    "isteven-angular-multiselect": {
      "version": "4.0.0",
      "resolved": "https://registry.npmjs.org/isteven-angular-multiselect/-/isteven-angular-multiselect-4.0.0.tgz",
      "integrity": "sha1-cCdtpf87xNmgiH3Fhe4moaJqjtY="
    },
    "jquery": {
      "version": "3.4.1",
      "resolved": "https://registry.npmjs.org/jquery/-/jquery-3.4.1.tgz",
      "integrity": "sha512-36+AdBzCL+y6qjw5Tx7HgzeGCzC81MDDgaUP8ld2zhx58HdqXGoBd+tHdrBMiyjGQs0Hxs/MLZTu/eHNJJuWPw=="
    },
    "ng-file-upload": {
      "version": "12.2.13",
      "resolved": "https://registry.npmjs.org/ng-file-upload/-/ng-file-upload-12.2.13.tgz",
      "integrity": "sha1-AYAPOHLlJvlTEPhHfpnk8S0NjRQ="
    },
    "ng-idle": {
      "version": "1.3.2",
      "resolved": "https://registry.npmjs.org/ng-idle/-/ng-idle-1.3.2.tgz",
      "integrity": "sha1-c6TcwKbINgMQ0Tlt83a+a9CwqGc=",
      "requires": {
        "angular": "^1.2.0"
      }
    }
  }
}
