{
  "name": "privacyidea",
  "version": "1.0.0",
  "lockfileVersion": 3,
  "requires": true,
  "packages": {
    "": {
      "name": "privacyidea",
      "version": "1.0.0",
      "license": "AGPL-3.0-only",
      "dependencies": {
        "angular": "^1.8.3",
        "angular-gettext": "^2.4.2",
        "angular-hotkeys": "^1.7.0",
        "angular-inform": "0.0.19",
        "angular-sanitize": "^1.8.3",
        "angular-ui-bootstrap": "^2.5.6",
        "angular-ui-router": "^1.0.30",
        "bootstrap": "^3.4.1",
        "isteven-angular-multiselect": "^4.0.0",
        "jquery": "^3.7.1",
        "ng-file-upload": "^12.2.13",
        "ng-idle": "^1.3.2"
      }
    },
    "node_modules/@uirouter/core": {
      "version": "6.0.8",
      "resolved": "https://registry.npmjs.org/@uirouter/core/-/core-6.0.8.tgz",
      "integrity": "sha512-Gc/BAW47i4L54p8dqYCJJZuv2s3tqlXQ0fvl6Zp2xrblELPVfxmjnc0eurx3XwfQdaqm3T6uls6tQKkof/4QMw==",
      "license": "MIT",
      "engines": {
        "node": ">=4.0.0"
      }
    },
    "node_modules/angular": {
      "version": "1.8.3",
      "resolved": "https://registry.npmjs.org/angular/-/angular-1.8.3.tgz",
      "integrity": "sha512-5qjkWIQQVsHj4Sb5TcEs4WZWpFeVFHXwxEBHUhrny41D8UrBAd6T/6nPPAsLngJCReIOqi95W3mxdveveutpZw==",
      "deprecated": "For the actively supported Angular, see https://www.npmjs.com/package/@angular/core. AngularJS support has officially ended. For extended AngularJS support options, see https://goo.gle/angularjs-path-forward.",
      "license": "MIT"
    },
    "node_modules/angular-gettext": {
      "version": "2.4.2",
      "resolved": "https://registry.npmjs.org/angular-gettext/-/angular-gettext-2.4.2.tgz",
      "integrity": "sha512-J9Zy76VmN5otw6GyIqJjoLjl+0wwsZSCUPgPfQwM4Mx//hP3leqyS/fgf2MDiMLLyKgoHWkMMzzWbP4iH3+5vQ==",
      "license": "MIT"
    },
    "node_modules/angular-hotkeys": {
      "version": "1.7.0",
      "resolved": "https://registry.npmjs.org/angular-hotkeys/-/angular-hotkeys-1.7.0.tgz",
      "integrity": "sha512-yw4BYutP4fVbnG8Yssuyo2DqAch+wGhSpdX7C1PURjHQzbyXPq/hNM1QupxHor0nwYcHy+57Tb1tzgngTrd+SA==",
      "license": "MIT"
    },
    "node_modules/angular-inform": {
      "version": "0.0.19",
      "resolved": "https://registry.npmjs.org/angular-inform/-/angular-inform-0.0.19.tgz",
      "integrity": "sha512-C0IXADTpaGVytFJgcDf7nquvBkypiHT3BoAaj+GOkeycBmetjNwtZ3jASn+aJaatfTmvQPTsLS1dFZqPfGdAhQ==",
      "license": "MIT"
    },
    "node_modules/angular-sanitize": {
      "version": "1.8.3",
      "resolved": "https://registry.npmjs.org/angular-sanitize/-/angular-sanitize-1.8.3.tgz",
      "integrity": "sha512-2rxdqzlUVafUeWOwvY/FtyWk1pFTyCtzreeiTytG9m4smpuAEKaIJAjYeVwWsoV+nlTOcgpwV4W1OCmR+BQbUg==",
      "deprecated": "For the actively supported Angular, see https://www.npmjs.com/package/@angular/core. AngularJS support has officially ended. For extended AngularJS support options, see https://goo.gle/angularjs-path-forward.",
      "license": "MIT"
    },
    "node_modules/angular-ui-bootstrap": {
      "version": "2.5.6",
      "resolved": "https://registry.npmjs.org/angular-ui-bootstrap/-/angular-ui-bootstrap-2.5.6.tgz",
      "integrity": "sha512-yzcHpPMLQl0232nDzm5P4iAFTFQ9dMw0QgFLuKYbDj9M0xJ62z0oudYD/Lvh1pWfRsukiytP4Xj6BHOSrSXP8A==",
      "license": "MIT"
    },
    "node_modules/angular-ui-router": {
      "version": "1.0.30",
      "resolved": "https://registry.npmjs.org/angular-ui-router/-/angular-ui-router-1.0.30.tgz",
      "integrity": "sha512-8xMpxbOtCJbRnGR1fhbyZ5BhFXr3zs1L2ytXQiBACTJjot309QNFFCaWx0lDM2eVXp8qte4idigU9gwWdspmtQ==",
      "license": "MIT",
      "dependencies": {
        "@uirouter/core": "6.0.8"
      },
      "engines": {
        "node": ">=4.0.0"
      },
      "peerDependencies": {
        "angular": ">=1.2.0"
      }
    },
    "node_modules/bootstrap": {
      "version": "3.4.1",
      "resolved": "https://registry.npmjs.org/bootstrap/-/bootstrap-3.4.1.tgz",
      "integrity": "sha512-yN5oZVmRCwe5aKwzRj6736nSmKDX7pLYwsXiCj/EYmo16hODaBiT4En5btW/jhBF/seV+XMx3aYwukYC3A49DA==",
      "license": "MIT",
      "engines": {
        "node": ">=6"
      }
    },
    "node_modules/isteven-angular-multiselect": {
      "version": "4.0.0",
      "resolved": "https://registry.npmjs.org/isteven-angular-multiselect/-/isteven-angular-multiselect-4.0.0.tgz",
      "integrity": "sha512-r6K4//AET37IOK7SsXMJW5/v1tdUuj8mSyyTp6Ixx0x8/6dyH0o9uf2sYTw0OqBM3lZ5ffUcbrW3P1G8/CAfxQ==",
      "license": "MIT"
    },
    "node_modules/jquery": {
      "version": "3.7.1",
      "resolved": "https://registry.npmjs.org/jquery/-/jquery-3.7.1.tgz",
      "integrity": "sha512-m4avr8yL8kmFN8psrbFFFmB/If14iN5o9nw/NgnnM+kybDJpRsAynV2BsfpTYrTRysYUdADVD7CkUUizgkpLfg==",
      "license": "MIT"
    },
    "node_modules/ng-file-upload": {
      "version": "12.2.13",
      "resolved": "https://registry.npmjs.org/ng-file-upload/-/ng-file-upload-12.2.13.tgz",
      "integrity": "sha512-YFjxwmVcNssYc8hq8eCbtYSliPnrObozSZRC9yg4GoDtI0xGKUeHgEcOh+nsMF/9cTzMB/lQZAYdf29oyQgF0g==",
      "license": "MIT"
    },
    "node_modules/ng-idle": {
      "version": "1.3.2",
      "resolved": "https://registry.npmjs.org/ng-idle/-/ng-idle-1.3.2.tgz",
      "integrity": "sha512-2rdaFiZpvZGbx900p0YECRGMU6+VuntgK8nWEaOAo5l/Q5xgCfzEmMnCrO5Tewoh8xMSqdqVccr9DFzOqG5MRg==",
      "license": "MIT",
      "dependencies": {
        "angular": "^1.2.0"
      }
    }
  }
}
